
Microsoft Visual Studio Solution File, Format Version 12.00
# Visual Studio Version 17
VisualStudioVersion = 17.11.35219.272
MinimumVisualStudioVersion = 10.0.40219.1
Project("{9A19103F-16F7-4668-BE54-9A1E7A4F7556}") = "DOPipeline", "DOPipeline\DOPipeline.csproj", "{7C4B1A6A-8162-416A-B35F-AA1659E3FE74}"
EndProject
Project("{9A19103F-16F7-4668-BE54-9A1E7A4F7556}") = "DOPipeline.Test", "DOPipeline.Test\DOPipeline.Test.csproj", "{DD157E81-3DD1-4416-AC88-D9941472C1DD}"
EndProject
Project("{FAE04EC0-301F-11D3-BF4B-00C04F79EFBC}") = "DifferentialBackup", "DifferentialBackup\DifferentialBackup.csproj", "{78D4A764-A537-403E-B735-9E79F8E33ADF}"
EndProject
Project("{FAE04EC0-301F-11D3-BF4B-00C04F79EFBC}") = "DifferentialBackup.Test", "DifferentialBackup.Test\DifferentialBackup.Test.csproj", "{3D62FE73-7F64-4645-9AEA-AFF3321A383F}"
EndProject
Global
	GlobalSection(SolutionConfigurationPlatforms) = preSolution
		Debug|Any CPU = Debug|Any CPU
		Release|Any CPU = Release|Any CPU
	EndGlobalSection
	GlobalSection(ProjectConfigurationPlatforms) = postSolution
		{7C4B1A6A-8162-416A-B35F-AA1659E3FE74}.Debug|Any CPU.ActiveCfg = Debug|Any CPU
		{7C4B1A6A-8162-416A-B35F-AA1659E3FE74}.Debug|Any CPU.Build.0 = Debug|Any CPU
		{7C4B1A6A-8162-416A-B35F-AA1659E3FE74}.Release|Any CPU.ActiveCfg = Release|Any CPU
		{7C4B1A6A-8162-416A-B35F-AA1659E3FE74}.Release|Any CPU.Build.0 = Release|Any CPU
		{DD157E81-3DD1-4416-AC88-D9941472C1DD}.Debug|Any CPU.ActiveCfg = Debug|Any CPU
		{DD157E81-3DD1-4416-AC88-D9941472C1DD}.Debug|Any CPU.Build.0 = Debug|Any CPU
		{DD157E81-3DD1-4416-AC88-D9941472C1DD}.Release|Any CPU.ActiveCfg = Release|Any CPU
		{DD157E81-3DD1-4416-AC88-D9941472C1DD}.Release|Any CPU.Build.0 = Release|Any CPU
		{78D4A764-A537-403E-B735-9E79F8E33ADF}.Debug|Any CPU.ActiveCfg = Debug|Any CPU
		{78D4A764-A537-403E-B735-9E79F8E33ADF}.Debug|Any CPU.Build.0 = Debug|Any CPU
		{78D4A764-A537-403E-B735-9E79F8E33ADF}.Release|Any CPU.ActiveCfg = Release|Any CPU
		{78D4A764-A537-403E-B735-9E79F8E33ADF}.Release|Any CPU.Build.0 = Release|Any CPU
		{3D62FE73-7F64-4645-9AEA-AFF3321A383F}.Debug|Any CPU.ActiveCfg = Debug|Any CPU
		{3D62FE73-7F64-4645-9AEA-AFF3321A383F}.Debug|Any CPU.Build.0 = Debug|Any CPU
		{3D62FE73-7F64-4645-9AEA-AFF3321A383F}.Release|Any CPU.ActiveCfg = Release|Any CPU
		{3D62FE73-7F64-4645-9AEA-AFF3321A383F}.Release|Any CPU.Build.0 = Release|Any CPU
	EndGlobalSection
	GlobalSection(SolutionProperties) = preSolution
		HideSolutionNode = FALSE
	EndGlobalSection
	GlobalSection(ExtensibilityGlobals) = postSolution
		SolutionGuid = {BDBEB74C-724C-4E2E-8DD5-910C37D06221}
	EndGlobalSection
EndGlobal
